
Microsoft Visual Studio Solution File, Format Version 12.00
Project("{FAE04EC0-301F-11D3-BF4B-00C04F79EFBC}") = "tictactoe", "tictactoe\tictactoe.csproj", "{64DA33B5-897C-45F7-80BB-EB1EC15C4FAD}"
EndProject
Project("{FAE04EC0-301F-11D3-BF4B-00C04F79EFBC}") = "tictactoe.ui", "tictactoe.ui\tictactoe.ui.csproj", "{29FF8898-787F-408D-A192-97F3F61E72E3}"
EndProject
Project("{FAE04EC0-301F-11D3-BF4B-00C04F79EFBC}") = "tictactoe.domain", "tictactoe.domain\tictactoe.domain.csproj", "{D6C11030-C547-4225-97E7-A77513C0A8D5}"
EndProject
Project("{FAE04EC0-301F-11D3-BF4B-00C04F79EFBC}") = "tictactoe.console", "tictactoe.console\tictactoe.console.csproj", "{00B57BFA-5C22-4EE4-82CE-E755911DE8AE}"
EndProject
Global
	GlobalSection(SolutionConfigurationPlatforms) = preSolution
		Debug|Any CPU = Debug|Any CPU
		Release|Any CPU = Release|Any CPU
	EndGlobalSection
	GlobalSection(ProjectConfigurationPlatforms) = postSolution
		{64DA33B5-897C-45F7-80BB-EB1EC15C4FAD}.Debug|Any CPU.ActiveCfg = Debug|Any CPU
		{64DA33B5-897C-45F7-80BB-EB1EC15C4FAD}.Debug|Any CPU.Build.0 = Debug|Any CPU
		{64DA33B5-897C-45F7-80BB-EB1EC15C4FAD}.Release|Any CPU.ActiveCfg = Release|Any CPU
		{64DA33B5-897C-45F7-80BB-EB1EC15C4FAD}.Release|Any CPU.Build.0 = Release|Any CPU
		{29FF8898-787F-408D-A192-97F3F61E72E3}.Debug|Any CPU.ActiveCfg = Debug|Any CPU
		{29FF8898-787F-408D-A192-97F3F61E72E3}.Debug|Any CPU.Build.0 = Debug|Any CPU
		{29FF8898-787F-408D-A192-97F3F61E72E3}.Release|Any CPU.ActiveCfg = Release|Any CPU
		{29FF8898-787F-408D-A192-97F3F61E72E3}.Release|Any CPU.Build.0 = Release|Any CPU
		{D6C11030-C547-4225-97E7-A77513C0A8D5}.Debug|Any CPU.ActiveCfg = Debug|Any CPU
		{D6C11030-C547-4225-97E7-A77513C0A8D5}.Debug|Any CPU.Build.0 = Debug|Any CPU
		{D6C11030-C547-4225-97E7-A77513C0A8D5}.Release|Any CPU.ActiveCfg = Release|Any CPU
		{D6C11030-C547-4225-97E7-A77513C0A8D5}.Release|Any CPU.Build.0 = Release|Any CPU
		{00B57BFA-5C22-4EE4-82CE-E755911DE8AE}.Debug|Any CPU.ActiveCfg = Debug|Any CPU
		{00B57BFA-5C22-4EE4-82CE-E755911DE8AE}.Debug|Any CPU.Build.0 = Debug|Any CPU
		{00B57BFA-5C22-4EE4-82CE-E755911DE8AE}.Release|Any CPU.ActiveCfg = Release|Any CPU
		{00B57BFA-5C22-4EE4-82CE-E755911DE8AE}.Release|Any CPU.Build.0 = Release|Any CPU
	EndGlobalSection
EndGlobal
