
Microsoft Visual Studio Solution File, Format Version 12.00
Project("{FAE04EC0-301F-11D3-BF4B-00C04F79EFBC}") = "kanbanboard", "kanbanboard\kanbanboard.csproj", "{61C53DCF-4186-4DB8-8D6C-BADD5F01BE4C}"
EndProject
Global
	GlobalSection(SolutionConfigurationPlatforms) = preSolution
		Debug|Any CPU = Debug|Any CPU
		Release|Any CPU = Release|Any CPU
	EndGlobalSection
	GlobalSection(ProjectConfigurationPlatforms) = postSolution
		{61C53DCF-4186-4DB8-8D6C-BADD5F01BE4C}.Debug|Any CPU.ActiveCfg = Debug|Any CPU
		{61C53DCF-4186-4DB8-8D6C-BADD5F01BE4C}.Debug|Any CPU.Build.0 = Debug|Any CPU
		{61C53DCF-4186-4DB8-8D6C-BADD5F01BE4C}.Release|Any CPU.ActiveCfg = Release|Any CPU
		{61C53DCF-4186-4DB8-8D6C-BADD5F01BE4C}.Release|Any CPU.Build.0 = Release|Any CPU
	EndGlobalSection
EndGlobal
