
Microsoft Visual Studio Solution File, Format Version 12.00
Project("{FAE04EC0-301F-11D3-BF4B-00C04F79EFBC}") = "fehlerbehandlung", "fehlerbehandlung\fehlerbehandlung.csproj", "{B314E342-2F49-4693-AE19-9E5B423B1A14}"
EndProject
Global
	GlobalSection(SolutionConfigurationPlatforms) = preSolution
		Debug|Any CPU = Debug|Any CPU
		Release|Any CPU = Release|Any CPU
	EndGlobalSection
	GlobalSection(ProjectConfigurationPlatforms) = postSolution
		{B314E342-2F49-4693-AE19-9E5B423B1A14}.Debug|Any CPU.ActiveCfg = Debug|Any CPU
		{B314E342-2F49-4693-AE19-9E5B423B1A14}.Debug|Any CPU.Build.0 = Debug|Any CPU
		{B314E342-2F49-4693-AE19-9E5B423B1A14}.Release|Any CPU.ActiveCfg = Release|Any CPU
		{B314E342-2F49-4693-AE19-9E5B423B1A14}.Release|Any CPU.Build.0 = Release|Any CPU
	EndGlobalSection
EndGlobal
